
Microsoft Visual Studio Solution File, Format Version 12.00
# Visual Studio Version 16
VisualStudioVersion = 16.0.29403.142
MinimumVisualStudioVersion = 10.0.40219.1
Project("{FAE04EC0-301F-11D3-BF4B-00C04F79EFBC}") = "ngx-datatable-api", "ngx-datatable-api.csproj", "{2DABA8BC-DBB1-4CD3-8818-A53E06D1640E}"
EndProject
Global
	GlobalSection(SolutionConfigurationPlatforms) = preSolution
		Debug|Any CPU = Debug|Any CPU
		Release|Any CPU = Release|Any CPU
	EndGlobalSection
	GlobalSection(ProjectConfigurationPlatforms) = postSolution
		{2DABA8BC-DBB1-4CD3-8818-A53E06D1640E}.Debug|Any CPU.ActiveCfg = Debug|Any CPU
		{2DABA8BC-DBB1-4CD3-8818-A53E06D1640E}.Debug|Any CPU.Build.0 = Debug|Any CPU
		{2DABA8BC-DBB1-4CD3-8818-A53E06D1640E}.Release|Any CPU.ActiveCfg = Release|Any CPU
		{2DABA8BC-DBB1-4CD3-8818-A53E06D1640E}.Release|Any CPU.Build.0 = Release|Any CPU
	EndGlobalSection
	GlobalSection(SolutionProperties) = preSolution
		HideSolutionNode = FALSE
	EndGlobalSection
	GlobalSection(ExtensibilityGlobals) = postSolution
		SolutionGuid = {5A5A270E-36EE-4BC2-9D3C-14A8BAC9E2F2}
	EndGlobalSection
EndGlobal
